
Microsoft Visual Studio Solution File, Format Version 12.00
# Visual Studio 15
VisualStudioVersion = 15.0.28307.1433
MinimumVisualStudioVersion = 10.0.40219.1
Project("{2150E333-8FDC-42A3-9474-1A3956D46DE8}") = "Application", "Application", "{268C244F-BB02-4934-AC3F-19B291B3FCEB}"
EndProject
Project("{2150E333-8FDC-42A3-9474-1A3956D46DE8}") = "Domain", "Domain", "{AD1105B7-41BF-40BD-B885-2E595BE105E9}"
EndProject
Project("{2150E333-8FDC-42A3-9474-1A3956D46DE8}") = "Infra.IoC", "Infra.IoC", "{2485FB3C-3672-49EB-B344-F5C53160F1FF}"
EndProject
Project("{2150E333-8FDC-42A3-9474-1A3956D46DE8}") = "Infra.Data", "Infra.Data", "{E2B3962C-73E8-4CE7-A564-07A654C3339A}"
EndProject
Project("{2150E333-8FDC-42A3-9474-1A3956D46DE8}") = "Presentation", "Presentation", "{3F776307-DA3F-41E9-8446-41E3DFCB3866}"
EndProject
Project("{9A19103F-16F7-4668-BE54-9A1E7A4F7556}") = "CleanArch.Mvc", "CleanArch.Mvc\CleanArch.Mvc.csproj", "{95ED6261-9DA9-4EAD-80F2-64568BBA2078}"
EndProject
Project("{FAE04EC0-301F-11D3-BF4B-00C04F79EFBC}") = "CleanArch.Domain", "CleanArch.Domain\CleanArch.Domain.csproj", "{67F1DEFE-8C59-4A47-A899-F9222CB6EFF0}"
EndProject
Project("{FAE04EC0-301F-11D3-BF4B-00C04F79EFBC}") = "CleanArch.Infra.Data", "CleanArch.Infra.Data\CleanArch.Infra.Data.csproj", "{80260D65-2E05-40EA-9725-840E46406830}"
EndProject
Global
	GlobalSection(SolutionConfigurationPlatforms) = preSolution
		Debug|Any CPU = Debug|Any CPU
		Release|Any CPU = Release|Any CPU
	EndGlobalSection
	GlobalSection(ProjectConfigurationPlatforms) = postSolution
		{95ED6261-9DA9-4EAD-80F2-64568BBA2078}.Debug|Any CPU.ActiveCfg = Debug|Any CPU
		{95ED6261-9DA9-4EAD-80F2-64568BBA2078}.Debug|Any CPU.Build.0 = Debug|Any CPU
		{95ED6261-9DA9-4EAD-80F2-64568BBA2078}.Release|Any CPU.ActiveCfg = Release|Any CPU
		{95ED6261-9DA9-4EAD-80F2-64568BBA2078}.Release|Any CPU.Build.0 = Release|Any CPU
		{67F1DEFE-8C59-4A47-A899-F9222CB6EFF0}.Debug|Any CPU.ActiveCfg = Debug|Any CPU
		{67F1DEFE-8C59-4A47-A899-F9222CB6EFF0}.Debug|Any CPU.Build.0 = Debug|Any CPU
		{67F1DEFE-8C59-4A47-A899-F9222CB6EFF0}.Release|Any CPU.ActiveCfg = Release|Any CPU
		{67F1DEFE-8C59-4A47-A899-F9222CB6EFF0}.Release|Any CPU.Build.0 = Release|Any CPU
		{80260D65-2E05-40EA-9725-840E46406830}.Debug|Any CPU.ActiveCfg = Debug|Any CPU
		{80260D65-2E05-40EA-9725-840E46406830}.Debug|Any CPU.Build.0 = Debug|Any CPU
		{80260D65-2E05-40EA-9725-840E46406830}.Release|Any CPU.ActiveCfg = Release|Any CPU
		{80260D65-2E05-40EA-9725-840E46406830}.Release|Any CPU.Build.0 = Release|Any CPU
	EndGlobalSection
	GlobalSection(SolutionProperties) = preSolution
		HideSolutionNode = FALSE
	EndGlobalSection
	GlobalSection(NestedProjects) = preSolution
		{95ED6261-9DA9-4EAD-80F2-64568BBA2078} = {3F776307-DA3F-41E9-8446-41E3DFCB3866}
		{67F1DEFE-8C59-4A47-A899-F9222CB6EFF0} = {AD1105B7-41BF-40BD-B885-2E595BE105E9}
		{80260D65-2E05-40EA-9725-840E46406830} = {E2B3962C-73E8-4CE7-A564-07A654C3339A}
	EndGlobalSection
	GlobalSection(ExtensibilityGlobals) = postSolution
		SolutionGuid = {3636C78F-CCEA-4855-902D-EA4E7E79BFBD}
	EndGlobalSection
EndGlobal
